// !$*UTF8*$!
{
	archiveVersion = 1;
	classes = {
	};
	objectVersion = 46;
	objects = {

/* Begin PBXBuildFile section */
		753584BB19AA6E4C002EF04B /* GPRootViewController.m in Sources */ = {isa = PBXBuildFile; fileRef = 753584BA19AA6E4C002EF04B /* GPRootViewController.m */; };
		753584BF19AA6EE4002EF04B /* GPLogs.m in Sources */ = {isa = PBXBuildFile; fileRef = 753584BE19AA6EE4002EF04B /* GPLogs.m */; };
		753584C219AA7432002EF04B /* GPToolbar.m in Sources */ = {isa = PBXBuildFile; fileRef = 753584C119AA7432002EF04B /* GPToolbar.m */; };
		753584C519AA774B002EF04B /* GPCommon.m in Sources */ = {isa = PBXBuildFile; fileRef = 753584C419AA774B002EF04B /* GPCommon.m */; };
		753584C819AA9108002EF04B /* GPLine.m in Sources */ = {isa = PBXBuildFile; fileRef = 753584C719AA9108002EF04B /* GPLine.m */; };
		75BBDC6C19AAA4650013AC4A /* GPPhotosTableViewController.m in Sources */ = {isa = PBXBuildFile; fileRef = 75BBDC6B19AAA4650013AC4A /* GPPhotosTableViewController.m */; };
		75BBDC7019AAA5EE0013AC4A /* GPPhoto.m in Sources */ = {isa = PBXBuildFile; fileRef = 75BBDC6F19AAA5EE0013AC4A /* GPPhoto.m */; };
		75BBDC9519AABBA40013AC4A /* Launch-568h.png in Resources */ = {isa = PBXBuildFile; fileRef = 75BBDC8519AABBA40013AC4A /* Launch-568h.png */; };
		75BBDC9619AABBA40013AC4A /* Launch-568h@2x.png in Resources */ = {isa = PBXBuildFile; fileRef = 75BBDC8619AABBA40013AC4A /* Launch-568h@2x.png */; };
		75BBDC9719AABBA40013AC4A /* Launch-568h@2x~iphone.png in Resources */ = {isa = PBXBuildFile; fileRef = 75BBDC8719AABBA40013AC4A /* Launch-568h@2x~iphone.png */; };
		75BBDC9819AABBA40013AC4A /* Launch-568h~iphone.png in Resources */ = {isa = PBXBuildFile; fileRef = 75BBDC8819AABBA40013AC4A /* Launch-568h~iphone.png */; };
		75BBDC9919AABBA40013AC4A /* Launch-Portrait-568h.png in Resources */ = {isa = PBXBuildFile; fileRef = 75BBDC8919AABBA40013AC4A /* Launch-Portrait-568h.png */; };
		75BBDC9A19AABBA40013AC4A /* Launch-Portrait-568h@2x.png in Resources */ = {isa = PBXBuildFile; fileRef = 75BBDC8A19AABBA40013AC4A /* Launch-Portrait-568h@2x.png */; };
		75BBDC9B19AABBA40013AC4A /* Launch-Portrait-568h@2x~iphone.png in Resources */ = {isa = PBXBuildFile; fileRef = 75BBDC8B19AABBA40013AC4A /* Launch-Portrait-568h@2x~iphone.png */; };
		75BBDC9C19AABBA40013AC4A /* Launch-Portrait-568h~iphone.png in Resources */ = {isa = PBXBuildFile; fileRef = 75BBDC8C19AABBA40013AC4A /* Launch-Portrait-568h~iphone.png */; };
		75BBDC9D19AABBA40013AC4A /* Launch-Portrait.png in Resources */ = {isa = PBXBuildFile; fileRef = 75BBDC8D19AABBA40013AC4A /* Launch-Portrait.png */; };
		75BBDC9E19AABBA40013AC4A /* Launch-Portrait@2x.png in Resources */ = {isa = PBXBuildFile; fileRef = 75BBDC8E19AABBA40013AC4A /* Launch-Portrait@2x.png */; };
		75BBDC9F19AABBA40013AC4A /* Launch-Portrait@2x~iphone.png in Resources */ = {isa = PBXBuildFile; fileRef = 75BBDC8F19AABBA40013AC4A /* Launch-Portrait@2x~iphone.png */; };
		75BBDCA019AABBA40013AC4A /* Launch-Portrait~iphone.png in Resources */ = {isa = PBXBuildFile; fileRef = 75BBDC9019AABBA40013AC4A /* Launch-Portrait~iphone.png */; };
		75BBDCA119AABBA40013AC4A /* Launch.png in Resources */ = {isa = PBXBuildFile; fileRef = 75BBDC9119AABBA40013AC4A /* Launch.png */; };
		75BBDCA219AABBA40013AC4A /* Launch@2x.png in Resources */ = {isa = PBXBuildFile; fileRef = 75BBDC9219AABBA40013AC4A /* Launch@2x.png */; };
		75BBDCA319AABBA40013AC4A /* Launch@2x~iphone.png in Resources */ = {isa = PBXBuildFile; fileRef = 75BBDC9319AABBA40013AC4A /* Launch@2x~iphone.png */; };
		75BBDCA419AABBA40013AC4A /* Launch~iphone.png in Resources */ = {isa = PBXBuildFile; fileRef = 75BBDC9419AABBA40013AC4A /* Launch~iphone.png */; };
		75BBDCA719AAFB4F0013AC4A /* AssetsLibrary.framework in Frameworks */ = {isa = PBXBuildFile; fileRef = 75BBDCA619AAFB4F0013AC4A /* AssetsLibrary.framework */; };
		75BBDD6719ABD73F0013AC4A /* GPAssetsManager.m in Sources */ = {isa = PBXBuildFile; fileRef = 75BBDD6619ABD73F0013AC4A /* GPAssetsManager.m */; };
		75D1BEF619A9ED5300FDA569 /* Foundation.framework in Frameworks */ = {isa = PBXBuildFile; fileRef = 75D1BEF519A9ED5300FDA569 /* Foundation.framework */; };
		75D1BEF819A9ED5300FDA569 /* CoreGraphics.framework in Frameworks */ = {isa = PBXBuildFile; fileRef = 75D1BEF719A9ED5300FDA569 /* CoreGraphics.framework */; };
		75D1BEFA19A9ED5300FDA569 /* UIKit.framework in Frameworks */ = {isa = PBXBuildFile; fileRef = 75D1BEF919A9ED5300FDA569 /* UIKit.framework */; };
		75D1BF0019A9ED5300FDA569 /* InfoPlist.strings in Resources */ = {isa = PBXBuildFile; fileRef = 75D1BEFE19A9ED5300FDA569 /* InfoPlist.strings */; };
		75D1BF0219A9ED5300FDA569 /* main.m in Sources */ = {isa = PBXBuildFile; fileRef = 75D1BF0119A9ED5300FDA569 /* main.m */; };
		75D1BF0619A9ED5300FDA569 /* GPAppDelegate.m in Sources */ = {isa = PBXBuildFile; fileRef = 75D1BF0519A9ED5300FDA569 /* GPAppDelegate.m */; };
		75D1BF0F19A9ED5300FDA569 /* XCTest.framework in Frameworks */ = {isa = PBXBuildFile; fileRef = 75D1BF0E19A9ED5300FDA569 /* XCTest.framework */; };
		75D1BF1019A9ED5300FDA569 /* Foundation.framework in Frameworks */ = {isa = PBXBuildFile; fileRef = 75D1BEF519A9ED5300FDA569 /* Foundation.framework */; };
		75D1BF1119A9ED5300FDA569 /* UIKit.framework in Frameworks */ = {isa = PBXBuildFile; fileRef = 75D1BEF919A9ED5300FDA569 /* UIKit.framework */; };
		75D1BF1919A9ED5300FDA569 /* InfoPlist.strings in Resources */ = {isa = PBXBuildFile; fileRef = 75D1BF1719A9ED5300FDA569 /* InfoPlist.strings */; };
		75D1BF1B19A9ED5300FDA569 /* GoopicTests.m in Sources */ = {isa = PBXBuildFile; fileRef = 75D1BF1A19A9ED5300FDA569 /* GoopicTests.m */; };
		75D1BF3A19A9EEC600FDA569 /* AFHTTPRequestOperation.m in Sources */ = {isa = PBXBuildFile; fileRef = 75D1BF2819A9EEC600FDA569 /* AFHTTPRequestOperation.m */; };
		75D1BF3B19A9EEC600FDA569 /* AFHTTPRequestOperationManager.m in Sources */ = {isa = PBXBuildFile; fileRef = 75D1BF2A19A9EEC600FDA569 /* AFHTTPRequestOperationManager.m */; };
		75D1BF3C19A9EEC600FDA569 /* AFHTTPSessionManager.m in Sources */ = {isa = PBXBuildFile; fileRef = 75D1BF2C19A9EEC600FDA569 /* AFHTTPSessionManager.m */; };
		75D1BF3D19A9EEC600FDA569 /* AFNetworkReachabilityManager.m in Sources */ = {isa = PBXBuildFile; fileRef = 75D1BF2F19A9EEC600FDA569 /* AFNetworkReachabilityManager.m */; };
		75D1BF3E19A9EEC600FDA569 /* AFSecurityPolicy.m in Sources */ = {isa = PBXBuildFile; fileRef = 75D1BF3119A9EEC600FDA569 /* AFSecurityPolicy.m */; };
		75D1BF3F19A9EEC600FDA569 /* AFURLConnectionOperation.m in Sources */ = {isa = PBXBuildFile; fileRef = 75D1BF3319A9EEC600FDA569 /* AFURLConnectionOperation.m */; };
		75D1BF4019A9EEC600FDA569 /* AFURLRequestSerialization.m in Sources */ = {isa = PBXBuildFile; fileRef = 75D1BF3519A9EEC600FDA569 /* AFURLRequestSerialization.m */; };
		75D1BF4119A9EEC600FDA569 /* AFURLResponseSerialization.m in Sources */ = {isa = PBXBuildFile; fileRef = 75D1BF3719A9EEC600FDA569 /* AFURLResponseSerialization.m */; };
		75D1BF4219A9EEC600FDA569 /* AFURLSessionManager.m in Sources */ = {isa = PBXBuildFile; fileRef = 75D1BF3919A9EEC600FDA569 /* AFURLSessionManager.m */; };
		75D1BF4519A9EFA800FDA569 /* GPViewController.m in Sources */ = {isa = PBXBuildFile; fileRef = 75D1BF4419A9EFA800FDA569 /* GPViewController.m */; };
		75D1BF4819A9F11300FDA569 /* ReflectionsOfAutumn.jpg in Resources */ = {isa = PBXBuildFile; fileRef = 75D1BF4719A9F11300FDA569 /* ReflectionsOfAutumn.jpg */; };
		75D1BF4B19A9F64500FDA569 /* GPConstants.m in Sources */ = {isa = PBXBuildFile; fileRef = 75D1BF4A19A9F64500FDA569 /* GPConstants.m */; };
		75D1BF9419AA0C7C00FDA569 /* IMGResponseSerializer.m in Sources */ = {isa = PBXBuildFile; fileRef = 75D1BF5819AA0C7B00FDA569 /* IMGResponseSerializer.m */; };
		75D1BF9519AA0C7C00FDA569 /* IMGSession.m in Sources */ = {isa = PBXBuildFile; fileRef = 75D1BF5A19AA0C7B00FDA569 /* IMGSession.m */; };
		75D1BF9619AA0C7C00FDA569 /* IMGAccount.m in Sources */ = {isa = PBXBuildFile; fileRef = 75D1BF5E19AA0C7B00FDA569 /* IMGAccount.m */; };
		75D1BF9719AA0C7C00FDA569 /* IMGAccountSettings.m in Sources */ = {isa = PBXBuildFile; fileRef = 75D1BF6019AA0C7B00FDA569 /* IMGAccountSettings.m */; };
		75D1BF9819AA0C7C00FDA569 /* IMGAlbum.m in Sources */ = {isa = PBXBuildFile; fileRef = 75D1BF6219AA0C7B00FDA569 /* IMGAlbum.m */; };
		75D1BF9919AA0C7C00FDA569 /* IMGBasicAlbum.m in Sources */ = {isa = PBXBuildFile; fileRef = 75D1BF6419AA0C7B00FDA569 /* IMGBasicAlbum.m */; };
		75D1BF9A19AA0C7C00FDA569 /* IMGComment.m in Sources */ = {isa = PBXBuildFile; fileRef = 75D1BF6619AA0C7B00FDA569 /* IMGComment.m */; };
		75D1BF9B19AA0C7C00FDA569 /* IMGConversation.m in Sources */ = {isa = PBXBuildFile; fileRef = 75D1BF6819AA0C7B00FDA569 /* IMGConversation.m */; };
		75D1BF9C19AA0C7C00FDA569 /* IMGGalleryAlbum.m in Sources */ = {isa = PBXBuildFile; fileRef = 75D1BF6A19AA0C7B00FDA569 /* IMGGalleryAlbum.m */; };
		75D1BF9D19AA0C7C00FDA569 /* IMGGalleryImage.m in Sources */ = {isa = PBXBuildFile; fileRef = 75D1BF6C19AA0C7B00FDA569 /* IMGGalleryImage.m */; };
		75D1BF9E19AA0C7C00FDA569 /* IMGGalleryProfile.m in Sources */ = {isa = PBXBuildFile; fileRef = 75D1BF6F19AA0C7C00FDA569 /* IMGGalleryProfile.m */; };
		75D1BF9F19AA0C7C00FDA569 /* IMGImage.m in Sources */ = {isa = PBXBuildFile; fileRef = 75D1BF7119AA0C7C00FDA569 /* IMGImage.m */; };
		75D1BFA019AA0C7C00FDA569 /* IMGMeme.m in Sources */ = {isa = PBXBuildFile; fileRef = 75D1BF7319AA0C7C00FDA569 /* IMGMeme.m */; };
		75D1BFA119AA0C7C00FDA569 /* IMGMessage.m in Sources */ = {isa = PBXBuildFile; fileRef = 75D1BF7519AA0C7C00FDA569 /* IMGMessage.m */; };
		75D1BFA219AA0C7C00FDA569 /* IMGModel.m in Sources */ = {isa = PBXBuildFile; fileRef = 75D1BF7719AA0C7C00FDA569 /* IMGModel.m */; };
		75D1BFA319AA0C7C00FDA569 /* IMGNotification.m in Sources */ = {isa = PBXBuildFile; fileRef = 75D1BF7919AA0C7C00FDA569 /* IMGNotification.m */; };
		75D1BFA419AA0C7C00FDA569 /* IMGVote.m in Sources */ = {isa = PBXBuildFile; fileRef = 75D1BF7C19AA0C7C00FDA569 /* IMGVote.m */; };
		75D1BFA519AA0C7C00FDA569 /* NSDictionary+IMG.m in Sources */ = {isa = PBXBuildFile; fileRef = 75D1BF7E19AA0C7C00FDA569 /* NSDictionary+IMG.m */; };
		75D1BFA619AA0C7C00FDA569 /* NSError+IMGError.m in Sources */ = {isa = PBXBuildFile; fileRef = 75D1BF8019AA0C7C00FDA569 /* NSError+IMGError.m */; };
		75D1BFA719AA0C7C00FDA569 /* IMGAccountRequest.m in Sources */ = {isa = PBXBuildFile; fileRef = 75D1BF8319AA0C7C00FDA569 /* IMGAccountRequest.m */; };
		75D1BFA819AA0C7C00FDA569 /* IMGAlbumRequest.m in Sources */ = {isa = PBXBuildFile; fileRef = 75D1BF8519AA0C7C00FDA569 /* IMGAlbumRequest.m */; };
		75D1BFA919AA0C7C00FDA569 /* IMGCommentRequest.m in Sources */ = {isa = PBXBuildFile; fileRef = 75D1BF8719AA0C7C00FDA569 /* IMGCommentRequest.m */; };
		75D1BFAA19AA0C7C00FDA569 /* IMGConversationRequest.m in Sources */ = {isa = PBXBuildFile; fileRef = 75D1BF8919AA0C7C00FDA569 /* IMGConversationRequest.m */; };
		75D1BFAB19AA0C7C00FDA569 /* IMGEndpoint.m in Sources */ = {isa = PBXBuildFile; fileRef = 75D1BF8B19AA0C7C00FDA569 /* IMGEndpoint.m */; };
		75D1BFAC19AA0C7C00FDA569 /* IMGGalleryRequest.m in Sources */ = {isa = PBXBuildFile; fileRef = 75D1BF8D19AA0C7C00FDA569 /* IMGGalleryRequest.m */; };
		75D1BFAD19AA0C7C00FDA569 /* IMGImageRequest.m in Sources */ = {isa = PBXBuildFile; fileRef = 75D1BF8F19AA0C7C00FDA569 /* IMGImageRequest.m */; };
		75D1BFAE19AA0C7C00FDA569 /* IMGMemeGen.m in Sources */ = {isa = PBXBuildFile; fileRef = 75D1BF9119AA0C7C00FDA569 /* IMGMemeGen.m */; };
		75D1BFAF19AA0C7C00FDA569 /* IMGNotificationRequest.m in Sources */ = {isa = PBXBuildFile; fileRef = 75D1BF9319AA0C7C00FDA569 /* IMGNotificationRequest.m */; };
		75D1BFB319AA266E00FDA569 /* GPImgurUploader.m in Sources */ = {isa = PBXBuildFile; fileRef = 75D1BFB219AA266E00FDA569 /* GPImgurUploader.m */; };
		75D1BFB719AA346E00FDA569 /* OpenInChromeController.m in Sources */ = {isa = PBXBuildFile; fileRef = 75D1BFB619AA346E00FDA569 /* OpenInChromeController.m */; };
/* End PBXBuildFile section */

/* Begin PBXContainerItemProxy section */
		75D1BF1219A9ED5300FDA569 /* PBXContainerItemProxy */ = {
			isa = PBXContainerItemProxy;
			containerPortal = 75D1BEEA19A9ED5300FDA569 /* Project object */;
			proxyType = 1;
			remoteGlobalIDString = 75D1BEF119A9ED5300FDA569;
			remoteInfo = Goopic;
		};
/* End PBXContainerItemProxy section */

/* Begin PBXFileReference section */
		753584B919AA6E4C002EF04B /* GPRootViewController.h */ = {isa = PBXFileReference; fileEncoding = 4; lastKnownFileType = sourcecode.c.h; path = GPRootViewController.h; sourceTree = "<group>"; };
		753584BA19AA6E4C002EF04B /* GPRootViewController.m */ = {isa = PBXFileReference; fileEncoding = 4; lastKnownFileType = sourcecode.c.objc; path = GPRootViewController.m; sourceTree = "<group>"; };
		753584BD19AA6EE4002EF04B /* GPLogs.h */ = {isa = PBXFileReference; fileEncoding = 4; lastKnownFileType = sourcecode.c.h; path = GPLogs.h; sourceTree = "<group>"; };
		753584BE19AA6EE4002EF04B /* GPLogs.m */ = {isa = PBXFileReference; fileEncoding = 4; lastKnownFileType = sourcecode.c.objc; path = GPLogs.m; sourceTree = "<group>"; };
		753584C019AA7432002EF04B /* GPToolbar.h */ = {isa = PBXFileReference; fileEncoding = 4; lastKnownFileType = sourcecode.c.h; path = GPToolbar.h; sourceTree = "<group>"; };
		753584C119AA7432002EF04B /* GPToolbar.m */ = {isa = PBXFileReference; fileEncoding = 4; lastKnownFileType = sourcecode.c.objc; path = GPToolbar.m; sourceTree = "<group>"; };
		753584C319AA774B002EF04B /* GPCommon.h */ = {isa = PBXFileReference; fileEncoding = 4; lastKnownFileType = sourcecode.c.h; path = GPCommon.h; sourceTree = "<group>"; };
		753584C419AA774B002EF04B /* GPCommon.m */ = {isa = PBXFileReference; fileEncoding = 4; lastKnownFileType = sourcecode.c.objc; path = GPCommon.m; sourceTree = "<group>"; };
		753584C619AA9108002EF04B /* GPLine.h */ = {isa = PBXFileReference; fileEncoding = 4; lastKnownFileType = sourcecode.c.h; path = GPLine.h; sourceTree = "<group>"; };
		753584C719AA9108002EF04B /* GPLine.m */ = {isa = PBXFileReference; fileEncoding = 4; lastKnownFileType = sourcecode.c.objc; path = GPLine.m; sourceTree = "<group>"; };
		75BBDC6A19AAA4650013AC4A /* GPPhotosTableViewController.h */ = {isa = PBXFileReference; fileEncoding = 4; lastKnownFileType = sourcecode.c.h; path = GPPhotosTableViewController.h; sourceTree = "<group>"; };
		75BBDC6B19AAA4650013AC4A /* GPPhotosTableViewController.m */ = {isa = PBXFileReference; fileEncoding = 4; lastKnownFileType = sourcecode.c.objc; path = GPPhotosTableViewController.m; sourceTree = "<group>"; };
		75BBDC6E19AAA5EE0013AC4A /* GPPhoto.h */ = {isa = PBXFileReference; fileEncoding = 4; lastKnownFileType = sourcecode.c.h; path = GPPhoto.h; sourceTree = "<group>"; };
		75BBDC6F19AAA5EE0013AC4A /* GPPhoto.m */ = {isa = PBXFileReference; fileEncoding = 4; lastKnownFileType = sourcecode.c.objc; path = GPPhoto.m; sourceTree = "<group>"; };
		75BBDC8519AABBA40013AC4A /* Launch-568h.png */ = {isa = PBXFileReference; lastKnownFileType = image.png; path = "Launch-568h.png"; sourceTree = "<group>"; };
		75BBDC8619AABBA40013AC4A /* Launch-568h@2x.png */ = {isa = PBXFileReference; lastKnownFileType = image.png; path = "Launch-568h@2x.png"; sourceTree = "<group>"; };
		75BBDC8719AABBA40013AC4A /* Launch-568h@2x~iphone.png */ = {isa = PBXFileReference; lastKnownFileType = image.png; path = "Launch-568h@2x~iphone.png"; sourceTree = "<group>"; };
		75BBDC8819AABBA40013AC4A /* Launch-568h~iphone.png */ = {isa = PBXFileReference; lastKnownFileType = image.png; path = "Launch-568h~iphone.png"; sourceTree = "<group>"; };
		75BBDC8919AABBA40013AC4A /* Launch-Portrait-568h.png */ = {isa = PBXFileReference; lastKnownFileType = image.png; path = "Launch-Portrait-568h.png"; sourceTree = "<group>"; };
		75BBDC8A19AABBA40013AC4A /* Launch-Portrait-568h@2x.png */ = {isa = PBXFileReference; lastKnownFileType = image.png; path = "Launch-Portrait-568h@2x.png"; sourceTree = "<group>"; };
		75BBDC8B19AABBA40013AC4A /* Launch-Portrait-568h@2x~iphone.png */ = {isa = PBXFileReference; lastKnownFileType = image.png; path = "Launch-Portrait-568h@2x~iphone.png"; sourceTree = "<group>"; };
		75BBDC8C19AABBA40013AC4A /* Launch-Portrait-568h~iphone.png */ = {isa = PBXFileReference; lastKnownFileType = image.png; path = "Launch-Portrait-568h~iphone.png"; sourceTree = "<group>"; };
		75BBDC8D19AABBA40013AC4A /* Launch-Portrait.png */ = {isa = PBXFileReference; lastKnownFileType = image.png; path = "Launch-Portrait.png"; sourceTree = "<group>"; };
		75BBDC8E19AABBA40013AC4A /* Launch-Portrait@2x.png */ = {isa = PBXFileReference; lastKnownFileType = image.png; path = "Launch-Portrait@2x.png"; sourceTree = "<group>"; };
		75BBDC8F19AABBA40013AC4A /* Launch-Portrait@2x~iphone.png */ = {isa = PBXFileReference; lastKnownFileType = image.png; path = "Launch-Portrait@2x~iphone.png"; sourceTree = "<group>"; };
		75BBDC9019AABBA40013AC4A /* Launch-Portrait~iphone.png */ = {isa = PBXFileReference; lastKnownFileType = image.png; path = "Launch-Portrait~iphone.png"; sourceTree = "<group>"; };
		75BBDC9119AABBA40013AC4A /* Launch.png */ = {isa = PBXFileReference; lastKnownFileType = image.png; path = Launch.png; sourceTree = "<group>"; };
		75BBDC9219AABBA40013AC4A /* Launch@2x.png */ = {isa = PBXFileReference; lastKnownFileType = image.png; path = "Launch@2x.png"; sourceTree = "<group>"; };
		75BBDC9319AABBA40013AC4A /* Launch@2x~iphone.png */ = {isa = PBXFileReference; lastKnownFileType = image.png; path = "Launch@2x~iphone.png"; sourceTree = "<group>"; };
		75BBDC9419AABBA40013AC4A /* Launch~iphone.png */ = {isa = PBXFileReference; lastKnownFileType = image.png; path = "Launch~iphone.png"; sourceTree = "<group>"; };
		75BBDCA619AAFB4F0013AC4A /* AssetsLibrary.framework */ = {isa = PBXFileReference; lastKnownFileType = wrapper.framework; name = AssetsLibrary.framework; path = System/Library/Frameworks/AssetsLibrary.framework; sourceTree = SDKROOT; };
		75BBDD6519ABD73F0013AC4A /* GPAssetsManager.h */ = {isa = PBXFileReference; fileEncoding = 4; lastKnownFileType = sourcecode.c.h; path = GPAssetsManager.h; sourceTree = "<group>"; };
		75BBDD6619ABD73F0013AC4A /* GPAssetsManager.m */ = {isa = PBXFileReference; fileEncoding = 4; lastKnownFileType = sourcecode.c.objc; path = GPAssetsManager.m; sourceTree = "<group>"; };
		75D1BEF219A9ED5300FDA569 /* Goopic.app */ = {isa = PBXFileReference; explicitFileType = wrapper.application; includeInIndex = 0; path = Goopic.app; sourceTree = BUILT_PRODUCTS_DIR; };
		75D1BEF519A9ED5300FDA569 /* Foundation.framework */ = {isa = PBXFileReference; lastKnownFileType = wrapper.framework; name = Foundation.framework; path = System/Library/Frameworks/Foundation.framework; sourceTree = SDKROOT; };
		75D1BEF719A9ED5300FDA569 /* CoreGraphics.framework */ = {isa = PBXFileReference; lastKnownFileType = wrapper.framework; name = CoreGraphics.framework; path = System/Library/Frameworks/CoreGraphics.framework; sourceTree = SDKROOT; };
		75D1BEF919A9ED5300FDA569 /* UIKit.framework */ = {isa = PBXFileReference; lastKnownFileType = wrapper.framework; name = UIKit.framework; path = System/Library/Frameworks/UIKit.framework; sourceTree = SDKROOT; };
		75D1BEFD19A9ED5300FDA569 /* Goopic-Info.plist */ = {isa = PBXFileReference; lastKnownFileType = text.plist.xml; path = "Goopic-Info.plist"; sourceTree = "<group>"; };
		75D1BEFF19A9ED5300FDA569 /* en */ = {isa = PBXFileReference; lastKnownFileType = text.plist.strings; name = en; path = en.lproj/InfoPlist.strings; sourceTree = "<group>"; };
		75D1BF0119A9ED5300FDA569 /* main.m */ = {isa = PBXFileReference; lastKnownFileType = sourcecode.c.objc; path = main.m; sourceTree = "<group>"; };
		75D1BF0319A9ED5300FDA569 /* Goopic-Prefix.pch */ = {isa = PBXFileReference; lastKnownFileType = sourcecode.c.h; path = "Goopic-Prefix.pch"; sourceTree = "<group>"; };
		75D1BF0419A9ED5300FDA569 /* GPAppDelegate.h */ = {isa = PBXFileReference; lastKnownFileType = sourcecode.c.h; path = GPAppDelegate.h; sourceTree = "<group>"; };
		75D1BF0519A9ED5300FDA569 /* GPAppDelegate.m */ = {isa = PBXFileReference; lastKnownFileType = sourcecode.c.objc; path = GPAppDelegate.m; sourceTree = "<group>"; };
		75D1BF0D19A9ED5300FDA569 /* GoopicTests.xctest */ = {isa = PBXFileReference; explicitFileType = wrapper.cfbundle; includeInIndex = 0; path = GoopicTests.xctest; sourceTree = BUILT_PRODUCTS_DIR; };
		75D1BF0E19A9ED5300FDA569 /* XCTest.framework */ = {isa = PBXFileReference; lastKnownFileType = wrapper.framework; name = XCTest.framework; path = Library/Frameworks/XCTest.framework; sourceTree = DEVELOPER_DIR; };
		75D1BF1619A9ED5300FDA569 /* GoopicTests-Info.plist */ = {isa = PBXFileReference; lastKnownFileType = text.plist.xml; path = "GoopicTests-Info.plist"; sourceTree = "<group>"; };
		75D1BF1819A9ED5300FDA569 /* en */ = {isa = PBXFileReference; lastKnownFileType = text.plist.strings; name = en; path = en.lproj/InfoPlist.strings; sourceTree = "<group>"; };
		75D1BF1A19A9ED5300FDA569 /* GoopicTests.m */ = {isa = PBXFileReference; lastKnownFileType = sourcecode.c.objc; path = GoopicTests.m; sourceTree = "<group>"; };
		75D1BF2719A9EEC600FDA569 /* AFHTTPRequestOperation.h */ = {isa = PBXFileReference; fileEncoding = 4; lastKnownFileType = sourcecode.c.h; path = AFHTTPRequestOperation.h; sourceTree = "<group>"; };
		75D1BF2819A9EEC600FDA569 /* AFHTTPRequestOperation.m */ = {isa = PBXFileReference; fileEncoding = 4; lastKnownFileType = sourcecode.c.objc; path = AFHTTPRequestOperation.m; sourceTree = "<group>"; };
		75D1BF2919A9EEC600FDA569 /* AFHTTPRequestOperationManager.h */ = {isa = PBXFileReference; fileEncoding = 4; lastKnownFileType = sourcecode.c.h; path = AFHTTPRequestOperationManager.h; sourceTree = "<group>"; };
		75D1BF2A19A9EEC600FDA569 /* AFHTTPRequestOperationManager.m */ = {isa = PBXFileReference; fileEncoding = 4; lastKnownFileType = sourcecode.c.objc; path = AFHTTPRequestOperationManager.m; sourceTree = "<group>"; };
		75D1BF2B19A9EEC600FDA569 /* AFHTTPSessionManager.h */ = {isa = PBXFileReference; fileEncoding = 4; lastKnownFileType = sourcecode.c.h; path = AFHTTPSessionManager.h; sourceTree = "<group>"; };
		75D1BF2C19A9EEC600FDA569 /* AFHTTPSessionManager.m */ = {isa = PBXFileReference; fileEncoding = 4; lastKnownFileType = sourcecode.c.objc; path = AFHTTPSessionManager.m; sourceTree = "<group>"; };
		75D1BF2D19A9EEC600FDA569 /* AFNetworking.h */ = {isa = PBXFileReference; fileEncoding = 4; lastKnownFileType = sourcecode.c.h; path = AFNetworking.h; sourceTree = "<group>"; };
		75D1BF2E19A9EEC600FDA569 /* AFNetworkReachabilityManager.h */ = {isa = PBXFileReference; fileEncoding = 4; lastKnownFileType = sourcecode.c.h; path = AFNetworkReachabilityManager.h; sourceTree = "<group>"; };
		75D1BF2F19A9EEC600FDA569 /* AFNetworkReachabilityManager.m */ = {isa = PBXFileReference; fileEncoding = 4; lastKnownFileType = sourcecode.c.objc; path = AFNetworkReachabilityManager.m; sourceTree = "<group>"; };
		75D1BF3019A9EEC600FDA569 /* AFSecurityPolicy.h */ = {isa = PBXFileReference; fileEncoding = 4; lastKnownFileType = sourcecode.c.h; path = AFSecurityPolicy.h; sourceTree = "<group>"; };
		75D1BF3119A9EEC600FDA569 /* AFSecurityPolicy.m */ = {isa = PBXFileReference; fileEncoding = 4; lastKnownFileType = sourcecode.c.objc; path = AFSecurityPolicy.m; sourceTree = "<group>"; };
		75D1BF3219A9EEC600FDA569 /* AFURLConnectionOperation.h */ = {isa = PBXFileReference; fileEncoding = 4; lastKnownFileType = sourcecode.c.h; path = AFURLConnectionOperation.h; sourceTree = "<group>"; };
		75D1BF3319A9EEC600FDA569 /* AFURLConnectionOperation.m */ = {isa = PBXFileReference; fileEncoding = 4; lastKnownFileType = sourcecode.c.objc; path = AFURLConnectionOperation.m; sourceTree = "<group>"; };
		75D1BF3419A9EEC600FDA569 /* AFURLRequestSerialization.h */ = {isa = PBXFileReference; fileEncoding = 4; lastKnownFileType = sourcecode.c.h; path = AFURLRequestSerialization.h; sourceTree = "<group>"; };
		75D1BF3519A9EEC600FDA569 /* AFURLRequestSerialization.m */ = {isa = PBXFileReference; fileEncoding = 4; lastKnownFileType = sourcecode.c.objc; path = AFURLRequestSerialization.m; sourceTree = "<group>"; };
		75D1BF3619A9EEC600FDA569 /* AFURLResponseSerialization.h */ = {isa = PBXFileReference; fileEncoding = 4; lastKnownFileType = sourcecode.c.h; path = AFURLResponseSerialization.h; sourceTree = "<group>"; };
		75D1BF3719A9EEC600FDA569 /* AFURLResponseSerialization.m */ = {isa = PBXFileReference; fileEncoding = 4; lastKnownFileType = sourcecode.c.objc; path = AFURLResponseSerialization.m; sourceTree = "<group>"; };
		75D1BF3819A9EEC600FDA569 /* AFURLSessionManager.h */ = {isa = PBXFileReference; fileEncoding = 4; lastKnownFileType = sourcecode.c.h; path = AFURLSessionManager.h; sourceTree = "<group>"; };
		75D1BF3919A9EEC600FDA569 /* AFURLSessionManager.m */ = {isa = PBXFileReference; fileEncoding = 4; lastKnownFileType = sourcecode.c.objc; path = AFURLSessionManager.m; sourceTree = "<group>"; };
		75D1BF4319A9EFA800FDA569 /* GPViewController.h */ = {isa = PBXFileReference; fileEncoding = 4; lastKnownFileType = sourcecode.c.h; path = GPViewController.h; sourceTree = "<group>"; };
		75D1BF4419A9EFA800FDA569 /* GPViewController.m */ = {isa = PBXFileReference; fileEncoding = 4; lastKnownFileType = sourcecode.c.objc; path = GPViewController.m; sourceTree = "<group>"; };
		75D1BF4719A9F11300FDA569 /* ReflectionsOfAutumn.jpg */ = {isa = PBXFileReference; lastKnownFileType = image.jpeg; path = ReflectionsOfAutumn.jpg; sourceTree = "<group>"; };
		75D1BF4919A9F64500FDA569 /* GPConstants.h */ = {isa = PBXFileReference; fileEncoding = 4; lastKnownFileType = sourcecode.c.h; path = GPConstants.h; sourceTree = "<group>"; };
		75D1BF4A19A9F64500FDA569 /* GPConstants.m */ = {isa = PBXFileReference; fileEncoding = 4; lastKnownFileType = sourcecode.c.objc; path = GPConstants.m; sourceTree = "<group>"; };
		75D1BF5719AA0C7B00FDA569 /* IMGResponseSerializer.h */ = {isa = PBXFileReference; fileEncoding = 4; lastKnownFileType = sourcecode.c.h; path = IMGResponseSerializer.h; sourceTree = "<group>"; };
		75D1BF5819AA0C7B00FDA569 /* IMGResponseSerializer.m */ = {isa = PBXFileReference; fileEncoding = 4; lastKnownFileType = sourcecode.c.objc; path = IMGResponseSerializer.m; sourceTree = "<group>"; };
		75D1BF5919AA0C7B00FDA569 /* IMGSession.h */ = {isa = PBXFileReference; fileEncoding = 4; lastKnownFileType = sourcecode.c.h; path = IMGSession.h; sourceTree = "<group>"; };
		75D1BF5A19AA0C7B00FDA569 /* IMGSession.m */ = {isa = PBXFileReference; fileEncoding = 4; lastKnownFileType = sourcecode.c.objc; path = IMGSession.m; sourceTree = "<group>"; };
		75D1BF5B19AA0C7B00FDA569 /* ImgurSession.h */ = {isa = PBXFileReference; fileEncoding = 4; lastKnownFileType = sourcecode.c.h; path = ImgurSession.h; sourceTree = "<group>"; };
		75D1BF5D19AA0C7B00FDA569 /* IMGAccount.h */ = {isa = PBXFileReference; fileEncoding = 4; lastKnownFileType = sourcecode.c.h; path = IMGAccount.h; sourceTree = "<group>"; };
		75D1BF5E19AA0C7B00FDA569 /* IMGAccount.m */ = {isa = PBXFileReference; fileEncoding = 4; lastKnownFileType = sourcecode.c.objc; path = IMGAccount.m; sourceTree = "<group>"; };
		75D1BF5F19AA0C7B00FDA569 /* IMGAccountSettings.h */ = {isa = PBXFileReference; fileEncoding = 4; lastKnownFileType = sourcecode.c.h; path = IMGAccountSettings.h; sourceTree = "<group>"; };
		75D1BF6019AA0C7B00FDA569 /* IMGAccountSettings.m */ = {isa = PBXFileReference; fileEncoding = 4; lastKnownFileType = sourcecode.c.objc; path = IMGAccountSettings.m; sourceTree = "<group>"; };
		75D1BF6119AA0C7B00FDA569 /* IMGAlbum.h */ = {isa = PBXFileReference; fileEncoding = 4; lastKnownFileType = sourcecode.c.h; path = IMGAlbum.h; sourceTree = "<group>"; };
		75D1BF6219AA0C7B00FDA569 /* IMGAlbum.m */ = {isa = PBXFileReference; fileEncoding = 4; lastKnownFileType = sourcecode.c.objc; path = IMGAlbum.m; sourceTree = "<group>"; };
		75D1BF6319AA0C7B00FDA569 /* IMGBasicAlbum.h */ = {isa = PBXFileReference; fileEncoding = 4; lastKnownFileType = sourcecode.c.h; path = IMGBasicAlbum.h; sourceTree = "<group>"; };
		75D1BF6419AA0C7B00FDA569 /* IMGBasicAlbum.m */ = {isa = PBXFileReference; fileEncoding = 4; lastKnownFileType = sourcecode.c.objc; path = IMGBasicAlbum.m; sourceTree = "<group>"; };
		75D1BF6519AA0C7B00FDA569 /* IMGComment.h */ = {isa = PBXFileReference; fileEncoding = 4; lastKnownFileType = sourcecode.c.h; path = IMGComment.h; sourceTree = "<group>"; };
		75D1BF6619AA0C7B00FDA569 /* IMGComment.m */ = {isa = PBXFileReference; fileEncoding = 4; lastKnownFileType = sourcecode.c.objc; path = IMGComment.m; sourceTree = "<group>"; };
		75D1BF6719AA0C7B00FDA569 /* IMGConversation.h */ = {isa = PBXFileReference; fileEncoding = 4; lastKnownFileType = sourcecode.c.h; path = IMGConversation.h; sourceTree = "<group>"; };
		75D1BF6819AA0C7B00FDA569 /* IMGConversation.m */ = {isa = PBXFileReference; fileEncoding = 4; lastKnownFileType = sourcecode.c.objc; path = IMGConversation.m; sourceTree = "<group>"; };
		75D1BF6919AA0C7B00FDA569 /* IMGGalleryAlbum.h */ = {isa = PBXFileReference; fileEncoding = 4; lastKnownFileType = sourcecode.c.h; path = IMGGalleryAlbum.h; sourceTree = "<group>"; };
		75D1BF6A19AA0C7B00FDA569 /* IMGGalleryAlbum.m */ = {isa = PBXFileReference; fileEncoding = 4; lastKnownFileType = sourcecode.c.objc; path = IMGGalleryAlbum.m; sourceTree = "<group>"; };
		75D1BF6B19AA0C7B00FDA569 /* IMGGalleryImage.h */ = {isa = PBXFileReference; fileEncoding = 4; lastKnownFileType = sourcecode.c.h; path = IMGGalleryImage.h; sourceTree = "<group>"; };
		75D1BF6C19AA0C7B00FDA569 /* IMGGalleryImage.m */ = {isa = PBXFileReference; fileEncoding = 4; lastKnownFileType = sourcecode.c.objc; path = IMGGalleryImage.m; sourceTree = "<group>"; };
		75D1BF6D19AA0C7B00FDA569 /* IMGGalleryObject.h */ = {isa = PBXFileReference; fileEncoding = 4; lastKnownFileType = sourcecode.c.h; path = IMGGalleryObject.h; sourceTree = "<group>"; };
		75D1BF6E19AA0C7B00FDA569 /* IMGGalleryProfile.h */ = {isa = PBXFileReference; fileEncoding = 4; lastKnownFileType = sourcecode.c.h; path = IMGGalleryProfile.h; sourceTree = "<group>"; };
		75D1BF6F19AA0C7C00FDA569 /* IMGGalleryProfile.m */ = {isa = PBXFileReference; fileEncoding = 4; lastKnownFileType = sourcecode.c.objc; path = IMGGalleryProfile.m; sourceTree = "<group>"; };
		75D1BF7019AA0C7C00FDA569 /* IMGImage.h */ = {isa = PBXFileReference; fileEncoding = 4; lastKnownFileType = sourcecode.c.h; path = IMGImage.h; sourceTree = "<group>"; };
		75D1BF7119AA0C7C00FDA569 /* IMGImage.m */ = {isa = PBXFileReference; fileEncoding = 4; lastKnownFileType = sourcecode.c.objc; path = IMGImage.m; sourceTree = "<group>"; };
		75D1BF7219AA0C7C00FDA569 /* IMGMeme.h */ = {isa = PBXFileReference; fileEncoding = 4; lastKnownFileType = sourcecode.c.h; path = IMGMeme.h; sourceTree = "<group>"; };
		75D1BF7319AA0C7C00FDA569 /* IMGMeme.m */ = {isa = PBXFileReference; fileEncoding = 4; lastKnownFileType = sourcecode.c.objc; path = IMGMeme.m; sourceTree = "<group>"; };
		75D1BF7419AA0C7C00FDA569 /* IMGMessage.h */ = {isa = PBXFileReference; fileEncoding = 4; lastKnownFileType = sourcecode.c.h; path = IMGMessage.h; sourceTree = "<group>"; };
		75D1BF7519AA0C7C00FDA569 /* IMGMessage.m */ = {isa = PBXFileReference; fileEncoding = 4; lastKnownFileType = sourcecode.c.objc; path = IMGMessage.m; sourceTree = "<group>"; };
		75D1BF7619AA0C7C00FDA569 /* IMGModel.h */ = {isa = PBXFileReference; fileEncoding = 4; lastKnownFileType = sourcecode.c.h; path = IMGModel.h; sourceTree = "<group>"; };
		75D1BF7719AA0C7C00FDA569 /* IMGModel.m */ = {isa = PBXFileReference; fileEncoding = 4; lastKnownFileType = sourcecode.c.objc; path = IMGModel.m; sourceTree = "<group>"; };
		75D1BF7819AA0C7C00FDA569 /* IMGNotification.h */ = {isa = PBXFileReference; fileEncoding = 4; lastKnownFileType = sourcecode.c.h; path = IMGNotification.h; sourceTree = "<group>"; };
		75D1BF7919AA0C7C00FDA569 /* IMGNotification.m */ = {isa = PBXFileReference; fileEncoding = 4; lastKnownFileType = sourcecode.c.objc; path = IMGNotification.m; sourceTree = "<group>"; };
		75D1BF7A19AA0C7C00FDA569 /* IMGObject.h */ = {isa = PBXFileReference; fileEncoding = 4; lastKnownFileType = sourcecode.c.h; path = IMGObject.h; sourceTree = "<group>"; };
		75D1BF7B19AA0C7C00FDA569 /* IMGVote.h */ = {isa = PBXFileReference; fileEncoding = 4; lastKnownFileType = sourcecode.c.h; path = IMGVote.h; sourceTree = "<group>"; };
		75D1BF7C19AA0C7C00FDA569 /* IMGVote.m */ = {isa = PBXFileReference; fileEncoding = 4; lastKnownFileType = sourcecode.c.objc; path = IMGVote.m; sourceTree = "<group>"; };
		75D1BF7D19AA0C7C00FDA569 /* NSDictionary+IMG.h */ = {isa = PBXFileReference; fileEncoding = 4; lastKnownFileType = sourcecode.c.h; path = "NSDictionary+IMG.h"; sourceTree = "<group>"; };
		75D1BF7E19AA0C7C00FDA569 /* NSDictionary+IMG.m */ = {isa = PBXFileReference; fileEncoding = 4; lastKnownFileType = sourcecode.c.objc; path = "NSDictionary+IMG.m"; sourceTree = "<group>"; };
		75D1BF7F19AA0C7C00FDA569 /* NSError+IMGError.h */ = {isa = PBXFileReference; fileEncoding = 4; lastKnownFileType = sourcecode.c.h; path = "NSError+IMGError.h"; sourceTree = "<group>"; };
		75D1BF8019AA0C7C00FDA569 /* NSError+IMGError.m */ = {isa = PBXFileReference; fileEncoding = 4; lastKnownFileType = sourcecode.c.objc; path = "NSError+IMGError.m"; sourceTree = "<group>"; };
		75D1BF8219AA0C7C00FDA569 /* IMGAccountRequest.h */ = {isa = PBXFileReference; fileEncoding = 4; lastKnownFileType = sourcecode.c.h; path = IMGAccountRequest.h; sourceTree = "<group>"; };
		75D1BF8319AA0C7C00FDA569 /* IMGAccountRequest.m */ = {isa = PBXFileReference; fileEncoding = 4; lastKnownFileType = sourcecode.c.objc; path = IMGAccountRequest.m; sourceTree = "<group>"; };
		75D1BF8419AA0C7C00FDA569 /* IMGAlbumRequest.h */ = {isa = PBXFileReference; fileEncoding = 4; lastKnownFileType = sourcecode.c.h; path = IMGAlbumRequest.h; sourceTree = "<group>"; };
		75D1BF8519AA0C7C00FDA569 /* IMGAlbumRequest.m */ = {isa = PBXFileReference; fileEncoding = 4; lastKnownFileType = sourcecode.c.objc; path = IMGAlbumRequest.m; sourceTree = "<group>"; };
		75D1BF8619AA0C7C00FDA569 /* IMGCommentRequest.h */ = {isa = PBXFileReference; fileEncoding = 4; lastKnownFileType = sourcecode.c.h; path = IMGCommentRequest.h; sourceTree = "<group>"; };
		75D1BF8719AA0C7C00FDA569 /* IMGCommentRequest.m */ = {isa = PBXFileReference; fileEncoding = 4; lastKnownFileType = sourcecode.c.objc; path = IMGCommentRequest.m; sourceTree = "<group>"; };
		75D1BF8819AA0C7C00FDA569 /* IMGConversationRequest.h */ = {isa = PBXFileReference; fileEncoding = 4; lastKnownFileType = sourcecode.c.h; path = IMGConversationRequest.h; sourceTree = "<group>"; };
		75D1BF8919AA0C7C00FDA569 /* IMGConversationRequest.m */ = {isa = PBXFileReference; fileEncoding = 4; lastKnownFileType = sourcecode.c.objc; path = IMGConversationRequest.m; sourceTree = "<group>"; };
		75D1BF8A19AA0C7C00FDA569 /* IMGEndpoint.h */ = {isa = PBXFileReference; fileEncoding = 4; lastKnownFileType = sourcecode.c.h; path = IMGEndpoint.h; sourceTree = "<group>"; };
		75D1BF8B19AA0C7C00FDA569 /* IMGEndpoint.m */ = {isa = PBXFileReference; fileEncoding = 4; lastKnownFileType = sourcecode.c.objc; path = IMGEndpoint.m; sourceTree = "<group>"; };
		75D1BF8C19AA0C7C00FDA569 /* IMGGalleryRequest.h */ = {isa = PBXFileReference; fileEncoding = 4; lastKnownFileType = sourcecode.c.h; path = IMGGalleryRequest.h; sourceTree = "<group>"; };
		75D1BF8D19AA0C7C00FDA569 /* IMGGalleryRequest.m */ = {isa = PBXFileReference; fileEncoding = 4; lastKnownFileType = sourcecode.c.objc; path = IMGGalleryRequest.m; sourceTree = "<group>"; };
		75D1BF8E19AA0C7C00FDA569 /* IMGImageRequest.h */ = {isa = PBXFileReference; fileEncoding = 4; lastKnownFileType = sourcecode.c.h; path = IMGImageRequest.h; sourceTree = "<group>"; };
		75D1BF8F19AA0C7C00FDA569 /* IMGImageRequest.m */ = {isa = PBXFileReference; fileEncoding = 4; lastKnownFileType = sourcecode.c.objc; path = IMGImageRequest.m; sourceTree = "<group>"; };
		75D1BF9019AA0C7C00FDA569 /* IMGMemeGen.h */ = {isa = PBXFileReference; fileEncoding = 4; lastKnownFileType = sourcecode.c.h; path = IMGMemeGen.h; sourceTree = "<group>"; };
		75D1BF9119AA0C7C00FDA569 /* IMGMemeGen.m */ = {isa = PBXFileReference; fileEncoding = 4; lastKnownFileType = sourcecode.c.objc; path = IMGMemeGen.m; sourceTree = "<group>"; };
		75D1BF9219AA0C7C00FDA569 /* IMGNotificationRequest.h */ = {isa = PBXFileReference; fileEncoding = 4; lastKnownFileType = sourcecode.c.h; path = IMGNotificationRequest.h; sourceTree = "<group>"; };
		75D1BF9319AA0C7C00FDA569 /* IMGNotificationRequest.m */ = {isa = PBXFileReference; fileEncoding = 4; lastKnownFileType = sourcecode.c.objc; path = IMGNotificationRequest.m; sourceTree = "<group>"; };
		75D1BFB119AA266E00FDA569 /* GPImgurUploader.h */ = {isa = PBXFileReference; fileEncoding = 4; lastKnownFileType = sourcecode.c.h; path = GPImgurUploader.h; sourceTree = "<group>"; };
		75D1BFB219AA266E00FDA569 /* GPImgurUploader.m */ = {isa = PBXFileReference; fileEncoding = 4; lastKnownFileType = sourcecode.c.objc; path = GPImgurUploader.m; sourceTree = "<group>"; };
		75D1BFB519AA346E00FDA569 /* OpenInChromeController.h */ = {isa = PBXFileReference; fileEncoding = 4; lastKnownFileType = sourcecode.c.h; path = OpenInChromeController.h; sourceTree = "<group>"; };
		75D1BFB619AA346E00FDA569 /* OpenInChromeController.m */ = {isa = PBXFileReference; fileEncoding = 4; lastKnownFileType = sourcecode.c.objc; path = OpenInChromeController.m; sourceTree = "<group>"; };
/* End PBXFileReference section */

/* Begin PBXFrameworksBuildPhase section */
		75D1BEEF19A9ED5300FDA569 /* Frameworks */ = {
			isa = PBXFrameworksBuildPhase;
			buildActionMask = 2147483647;
			files = (
				75BBDCA719AAFB4F0013AC4A /* AssetsLibrary.framework in Frameworks */,
				75D1BEF819A9ED5300FDA569 /* CoreGraphics.framework in Frameworks */,
				75D1BEFA19A9ED5300FDA569 /* UIKit.framework in Frameworks */,
				75D1BEF619A9ED5300FDA569 /* Foundation.framework in Frameworks */,
			);
			runOnlyForDeploymentPostprocessing = 0;
		};
		75D1BF0A19A9ED5300FDA569 /* Frameworks */ = {
			isa = PBXFrameworksBuildPhase;
			buildActionMask = 2147483647;
			files = (
				75D1BF0F19A9ED5300FDA569 /* XCTest.framework in Frameworks */,
				75D1BF1119A9ED5300FDA569 /* UIKit.framework in Frameworks */,
				75D1BF1019A9ED5300FDA569 /* Foundation.framework in Frameworks */,
			);
			runOnlyForDeploymentPostprocessing = 0;
		};
/* End PBXFrameworksBuildPhase section */

/* Begin PBXGroup section */
		75BBDC8419AABBA40013AC4A /* Launch Images */ = {
			isa = PBXGroup;
			children = (
				75BBDC8519AABBA40013AC4A /* Launch-568h.png */,
				75BBDC8619AABBA40013AC4A /* Launch-568h@2x.png */,
				75BBDC8719AABBA40013AC4A /* Launch-568h@2x~iphone.png */,
				75BBDC8819AABBA40013AC4A /* Launch-568h~iphone.png */,
				75BBDC8919AABBA40013AC4A /* Launch-Portrait-568h.png */,
				75BBDC8A19AABBA40013AC4A /* Launch-Portrait-568h@2x.png */,
				75BBDC8B19AABBA40013AC4A /* Launch-Portrait-568h@2x~iphone.png */,
				75BBDC8C19AABBA40013AC4A /* Launch-Portrait-568h~iphone.png */,
				75BBDC8D19AABBA40013AC4A /* Launch-Portrait.png */,
				75BBDC8E19AABBA40013AC4A /* Launch-Portrait@2x.png */,
				75BBDC8F19AABBA40013AC4A /* Launch-Portrait@2x~iphone.png */,
				75BBDC9019AABBA40013AC4A /* Launch-Portrait~iphone.png */,
				75BBDC9119AABBA40013AC4A /* Launch.png */,
				75BBDC9219AABBA40013AC4A /* Launch@2x.png */,
				75BBDC9319AABBA40013AC4A /* Launch@2x~iphone.png */,
				75BBDC9419AABBA40013AC4A /* Launch~iphone.png */,
			);
			path = "Launch Images";
			sourceTree = "<group>";
		};
		75D1BEE919A9ED5300FDA569 = {
			isa = PBXGroup;
			children = (
				75D1BFB419AA346E00FDA569 /* Chrome */,
				75D1BF5619AA0C7B00FDA569 /* ImgurSession */,
				75D1BF2619A9EEC600FDA569 /* AFNetworking */,
				75D1BEFB19A9ED5300FDA569 /* Goopic */,
				75D1BF1419A9ED5300FDA569 /* GoopicTests */,
				75D1BEF419A9ED5300FDA569 /* Frameworks */,
				75D1BEF319A9ED5300FDA569 /* Products */,
			);
			sourceTree = "<group>";
		};
		75D1BEF319A9ED5300FDA569 /* Products */ = {
			isa = PBXGroup;
			children = (
				75D1BEF219A9ED5300FDA569 /* Goopic.app */,
				75D1BF0D19A9ED5300FDA569 /* GoopicTests.xctest */,
			);
			name = Products;
			sourceTree = "<group>";
		};
		75D1BEF419A9ED5300FDA569 /* Frameworks */ = {
			isa = PBXGroup;
			children = (
				75BBDCA619AAFB4F0013AC4A /* AssetsLibrary.framework */,
				75D1BEF719A9ED5300FDA569 /* CoreGraphics.framework */,
				75D1BEF519A9ED5300FDA569 /* Foundation.framework */,
				75D1BEF919A9ED5300FDA569 /* UIKit.framework */,
				75D1BF0E19A9ED5300FDA569 /* XCTest.framework */,
			);
			name = Frameworks;
			sourceTree = "<group>";
		};
		75D1BEFB19A9ED5300FDA569 /* Goopic */ = {
			isa = PBXGroup;
			children = (
				75D1BF0419A9ED5300FDA569 /* GPAppDelegate.h */,
				75D1BF0519A9ED5300FDA569 /* GPAppDelegate.m */,
				75BBDD6519ABD73F0013AC4A /* GPAssetsManager.h */,
				75BBDD6619ABD73F0013AC4A /* GPAssetsManager.m */,
				75D1BF4919A9F64500FDA569 /* GPConstants.h */,
				75D1BF4A19A9F64500FDA569 /* GPConstants.m */,
				753584C319AA774B002EF04B /* GPCommon.h */,
				753584C419AA774B002EF04B /* GPCommon.m */,
				75D1BFB119AA266E00FDA569 /* GPImgurUploader.h */,
				75D1BFB219AA266E00FDA569 /* GPImgurUploader.m */,
				753584C619AA9108002EF04B /* GPLine.h */,
				753584C719AA9108002EF04B /* GPLine.m */,
				753584BD19AA6EE4002EF04B /* GPLogs.h */,
				753584BE19AA6EE4002EF04B /* GPLogs.m */,
				75BBDC6E19AAA5EE0013AC4A /* GPPhoto.h */,
				75BBDC6F19AAA5EE0013AC4A /* GPPhoto.m */,
				75BBDC6A19AAA4650013AC4A /* GPPhotosTableViewController.h */,
				75BBDC6B19AAA4650013AC4A /* GPPhotosTableViewController.m */,
				753584B919AA6E4C002EF04B /* GPRootViewController.h */,
				753584BA19AA6E4C002EF04B /* GPRootViewController.m */,
				753584C019AA7432002EF04B /* GPToolbar.h */,
				753584C119AA7432002EF04B /* GPToolbar.m */,
				75D1BF4319A9EFA800FDA569 /* GPViewController.h */,
				75D1BF4419A9EFA800FDA569 /* GPViewController.m */,
				75D1BF4619A9F11300FDA569 /* Resources */,
				75D1BEFC19A9ED5300FDA569 /* Supporting Files */,
			);
			path = Goopic;
			sourceTree = "<group>";
		};
		75D1BEFC19A9ED5300FDA569 /* Supporting Files */ = {
			isa = PBXGroup;
			children = (
				75D1BEFD19A9ED5300FDA569 /* Goopic-Info.plist */,
				75D1BEFE19A9ED5300FDA569 /* InfoPlist.strings */,
				75D1BF0119A9ED5300FDA569 /* main.m */,
				75D1BF0319A9ED5300FDA569 /* Goopic-Prefix.pch */,
			);
			name = "Supporting Files";
			sourceTree = "<group>";
		};
		75D1BF1419A9ED5300FDA569 /* GoopicTests */ = {
			isa = PBXGroup;
			children = (
				75D1BF1A19A9ED5300FDA569 /* GoopicTests.m */,
				75D1BF1519A9ED5300FDA569 /* Supporting Files */,
			);
			path = GoopicTests;
			sourceTree = "<group>";
		};
		75D1BF1519A9ED5300FDA569 /* Supporting Files */ = {
			isa = PBXGroup;
			children = (
				75D1BF1619A9ED5300FDA569 /* GoopicTests-Info.plist */,
				75D1BF1719A9ED5300FDA569 /* InfoPlist.strings */,
			);
			name = "Supporting Files";
			sourceTree = "<group>";
		};
		75D1BF2619A9EEC600FDA569 /* AFNetworking */ = {
			isa = PBXGroup;
			children = (
				75D1BF2719A9EEC600FDA569 /* AFHTTPRequestOperation.h */,
				75D1BF2819A9EEC600FDA569 /* AFHTTPRequestOperation.m */,
				75D1BF2919A9EEC600FDA569 /* AFHTTPRequestOperationManager.h */,
				75D1BF2A19A9EEC600FDA569 /* AFHTTPRequestOperationManager.m */,
				75D1BF2B19A9EEC600FDA569 /* AFHTTPSessionManager.h */,
				75D1BF2C19A9EEC600FDA569 /* AFHTTPSessionManager.m */,
				75D1BF2D19A9EEC600FDA569 /* AFNetworking.h */,
				75D1BF2E19A9EEC600FDA569 /* AFNetworkReachabilityManager.h */,
				75D1BF2F19A9EEC600FDA569 /* AFNetworkReachabilityManager.m */,
				75D1BF3019A9EEC600FDA569 /* AFSecurityPolicy.h */,
				75D1BF3119A9EEC600FDA569 /* AFSecurityPolicy.m */,
				75D1BF3219A9EEC600FDA569 /* AFURLConnectionOperation.h */,
				75D1BF3319A9EEC600FDA569 /* AFURLConnectionOperation.m */,
				75D1BF3419A9EEC600FDA569 /* AFURLRequestSerialization.h */,
				75D1BF3519A9EEC600FDA569 /* AFURLRequestSerialization.m */,
				75D1BF3619A9EEC600FDA569 /* AFURLResponseSerialization.h */,
				75D1BF3719A9EEC600FDA569 /* AFURLResponseSerialization.m */,
				75D1BF3819A9EEC600FDA569 /* AFURLSessionManager.h */,
				75D1BF3919A9EEC600FDA569 /* AFURLSessionManager.m */,
			);
			path = AFNetworking;
			sourceTree = "<group>";
		};
		75D1BF4619A9F11300FDA569 /* Resources */ = {
			isa = PBXGroup;
			children = (
				75BBDC8419AABBA40013AC4A /* Launch Images */,
				75D1BF4719A9F11300FDA569 /* ReflectionsOfAutumn.jpg */,
			);
			path = Resources;
			sourceTree = SOURCE_ROOT;
		};
		75D1BF5619AA0C7B00FDA569 /* ImgurSession */ = {
			isa = PBXGroup;
			children = (
				75D1BF5719AA0C7B00FDA569 /* IMGResponseSerializer.h */,
				75D1BF5819AA0C7B00FDA569 /* IMGResponseSerializer.m */,
				75D1BF5919AA0C7B00FDA569 /* IMGSession.h */,
				75D1BF5A19AA0C7B00FDA569 /* IMGSession.m */,
				75D1BF5B19AA0C7B00FDA569 /* ImgurSession.h */,
				75D1BF5C19AA0C7B00FDA569 /* Models */,
				75D1BF7D19AA0C7C00FDA569 /* NSDictionary+IMG.h */,
				75D1BF7E19AA0C7C00FDA569 /* NSDictionary+IMG.m */,
				75D1BF7F19AA0C7C00FDA569 /* NSError+IMGError.h */,
				75D1BF8019AA0C7C00FDA569 /* NSError+IMGError.m */,
				75D1BF8119AA0C7C00FDA569 /* Requests */,
			);
			path = ImgurSession;
			sourceTree = "<group>";
		};
		75D1BF5C19AA0C7B00FDA569 /* Models */ = {
			isa = PBXGroup;
			children = (
				75D1BF5D19AA0C7B00FDA569 /* IMGAccount.h */,
				75D1BF5E19AA0C7B00FDA569 /* IMGAccount.m */,
				75D1BF5F19AA0C7B00FDA569 /* IMGAccountSettings.h */,
				75D1BF6019AA0C7B00FDA569 /* IMGAccountSettings.m */,
				75D1BF6119AA0C7B00FDA569 /* IMGAlbum.h */,
				75D1BF6219AA0C7B00FDA569 /* IMGAlbum.m */,
				75D1BF6319AA0C7B00FDA569 /* IMGBasicAlbum.h */,
				75D1BF6419AA0C7B00FDA569 /* IMGBasicAlbum.m */,
				75D1BF6519AA0C7B00FDA569 /* IMGComment.h */,
				75D1BF6619AA0C7B00FDA569 /* IMGComment.m */,
				75D1BF6719AA0C7B00FDA569 /* IMGConversation.h */,
				75D1BF6819AA0C7B00FDA569 /* IMGConversation.m */,
				75D1BF6919AA0C7B00FDA569 /* IMGGalleryAlbum.h */,
				75D1BF6A19AA0C7B00FDA569 /* IMGGalleryAlbum.m */,
				75D1BF6B19AA0C7B00FDA569 /* IMGGalleryImage.h */,
				75D1BF6C19AA0C7B00FDA569 /* IMGGalleryImage.m */,
				75D1BF6D19AA0C7B00FDA569 /* IMGGalleryObject.h */,
				75D1BF6E19AA0C7B00FDA569 /* IMGGalleryProfile.h */,
				75D1BF6F19AA0C7C00FDA569 /* IMGGalleryProfile.m */,
				75D1BF7019AA0C7C00FDA569 /* IMGImage.h */,
				75D1BF7119AA0C7C00FDA569 /* IMGImage.m */,
				75D1BF7219AA0C7C00FDA569 /* IMGMeme.h */,
				75D1BF7319AA0C7C00FDA569 /* IMGMeme.m */,
				75D1BF7419AA0C7C00FDA569 /* IMGMessage.h */,
				75D1BF7519AA0C7C00FDA569 /* IMGMessage.m */,
				75D1BF7619AA0C7C00FDA569 /* IMGModel.h */,
				75D1BF7719AA0C7C00FDA569 /* IMGModel.m */,
				75D1BF7819AA0C7C00FDA569 /* IMGNotification.h */,
				75D1BF7919AA0C7C00FDA569 /* IMGNotification.m */,
				75D1BF7A19AA0C7C00FDA569 /* IMGObject.h */,
				75D1BF7B19AA0C7C00FDA569 /* IMGVote.h */,
				75D1BF7C19AA0C7C00FDA569 /* IMGVote.m */,
			);
			path = Models;
			sourceTree = "<group>";
		};
		75D1BF8119AA0C7C00FDA569 /* Requests */ = {
			isa = PBXGroup;
			children = (
				75D1BF8219AA0C7C00FDA569 /* IMGAccountRequest.h */,
				75D1BF8319AA0C7C00FDA569 /* IMGAccountRequest.m */,
				75D1BF8419AA0C7C00FDA569 /* IMGAlbumRequest.h */,
				75D1BF8519AA0C7C00FDA569 /* IMGAlbumRequest.m */,
				75D1BF8619AA0C7C00FDA569 /* IMGCommentRequest.h */,
				75D1BF8719AA0C7C00FDA569 /* IMGCommentRequest.m */,
				75D1BF8819AA0C7C00FDA569 /* IMGConversationRequest.h */,
				75D1BF8919AA0C7C00FDA569 /* IMGConversationRequest.m */,
				75D1BF8A19AA0C7C00FDA569 /* IMGEndpoint.h */,
				75D1BF8B19AA0C7C00FDA569 /* IMGEndpoint.m */,
				75D1BF8C19AA0C7C00FDA569 /* IMGGalleryRequest.h */,
				75D1BF8D19AA0C7C00FDA569 /* IMGGalleryRequest.m */,
				75D1BF8E19AA0C7C00FDA569 /* IMGImageRequest.h */,
				75D1BF8F19AA0C7C00FDA569 /* IMGImageRequest.m */,
				75D1BF9019AA0C7C00FDA569 /* IMGMemeGen.h */,
				75D1BF9119AA0C7C00FDA569 /* IMGMemeGen.m */,
				75D1BF9219AA0C7C00FDA569 /* IMGNotificationRequest.h */,
				75D1BF9319AA0C7C00FDA569 /* IMGNotificationRequest.m */,
			);
			path = Requests;
			sourceTree = "<group>";
		};
		75D1BFB419AA346E00FDA569 /* Chrome */ = {
			isa = PBXGroup;
			children = (
				75D1BFB519AA346E00FDA569 /* OpenInChromeController.h */,
				75D1BFB619AA346E00FDA569 /* OpenInChromeController.m */,
			);
			path = Chrome;
			sourceTree = "<group>";
		};
/* End PBXGroup section */

/* Begin PBXNativeTarget section */
		75D1BEF119A9ED5300FDA569 /* Goopic */ = {
			isa = PBXNativeTarget;
			buildConfigurationList = 75D1BF1E19A9ED5300FDA569 /* Build configuration list for PBXNativeTarget "Goopic" */;
			buildPhases = (
				75D1BEEE19A9ED5300FDA569 /* Sources */,
				75D1BEEF19A9ED5300FDA569 /* Frameworks */,
				75D1BEF019A9ED5300FDA569 /* Resources */,
			);
			buildRules = (
			);
			dependencies = (
			);
			name = Goopic;
			productName = Goopic;
			productReference = 75D1BEF219A9ED5300FDA569 /* Goopic.app */;
			productType = "com.apple.product-type.application";
		};
		75D1BF0C19A9ED5300FDA569 /* GoopicTests */ = {
			isa = PBXNativeTarget;
			buildConfigurationList = 75D1BF2119A9ED5300FDA569 /* Build configuration list for PBXNativeTarget "GoopicTests" */;
			buildPhases = (
				75D1BF0919A9ED5300FDA569 /* Sources */,
				75D1BF0A19A9ED5300FDA569 /* Frameworks */,
				75D1BF0B19A9ED5300FDA569 /* Resources */,
			);
			buildRules = (
			);
			dependencies = (
				75D1BF1319A9ED5300FDA569 /* PBXTargetDependency */,
			);
			name = GoopicTests;
			productName = GoopicTests;
			productReference = 75D1BF0D19A9ED5300FDA569 /* GoopicTests.xctest */;
			productType = "com.apple.product-type.bundle.unit-test";
		};
/* End PBXNativeTarget section */

/* Begin PBXProject section */
		75D1BEEA19A9ED5300FDA569 /* Project object */ = {
			isa = PBXProject;
			attributes = {
				LastUpgradeCheck = 0510;
				ORGANIZATIONNAME = JUPITER;
				TargetAttributes = {
					75D1BF0C19A9ED5300FDA569 = {
						TestTargetID = 75D1BEF119A9ED5300FDA569;
					};
				};
			};
			buildConfigurationList = 75D1BEED19A9ED5300FDA569 /* Build configuration list for PBXProject "Goopic" */;
			compatibilityVersion = "Xcode 3.2";
			developmentRegion = English;
			hasScannedForEncodings = 0;
			knownRegions = (
				en,
			);
			mainGroup = 75D1BEE919A9ED5300FDA569;
			productRefGroup = 75D1BEF319A9ED5300FDA569 /* Products */;
			projectDirPath = "";
			projectRoot = "";
			targets = (
				75D1BEF119A9ED5300FDA569 /* Goopic */,
				75D1BF0C19A9ED5300FDA569 /* GoopicTests */,
			);
		};
/* End PBXProject section */

/* Begin PBXResourcesBuildPhase section */
		75D1BEF019A9ED5300FDA569 /* Resources */ = {
			isa = PBXResourcesBuildPhase;
			buildActionMask = 2147483647;
			files = (
				75BBDCA419AABBA40013AC4A /* Launch~iphone.png in Resources */,
				75BBDCA019AABBA40013AC4A /* Launch-Portrait~iphone.png in Resources */,
				75BBDC9919AABBA40013AC4A /* Launch-Portrait-568h.png in Resources */,
				75D1BF0019A9ED5300FDA569 /* InfoPlist.strings in Resources */,
				75BBDCA319AABBA40013AC4A /* Launch@2x~iphone.png in Resources */,
				75BBDC9A19AABBA40013AC4A /* Launch-Portrait-568h@2x.png in Resources */,
				75BBDC9619AABBA40013AC4A /* Launch-568h@2x.png in Resources */,
				75BBDC9F19AABBA40013AC4A /* Launch-Portrait@2x~iphone.png in Resources */,
				75BBDC9E19AABBA40013AC4A /* Launch-Portrait@2x.png in Resources */,
				75BBDC9519AABBA40013AC4A /* Launch-568h.png in Resources */,
				75BBDCA119AABBA40013AC4A /* Launch.png in Resources */,
				75BBDCA219AABBA40013AC4A /* Launch@2x.png in Resources */,
				75BBDC9819AABBA40013AC4A /* Launch-568h~iphone.png in Resources */,
				75BBDC9C19AABBA40013AC4A /* Launch-Portrait-568h~iphone.png in Resources */,
				75BBDC9B19AABBA40013AC4A /* Launch-Portrait-568h@2x~iphone.png in Resources */,
				75BBDC9719AABBA40013AC4A /* Launch-568h@2x~iphone.png in Resources */,
				75D1BF4819A9F11300FDA569 /* ReflectionsOfAutumn.jpg in Resources */,
				75BBDC9D19AABBA40013AC4A /* Launch-Portrait.png in Resources */,
			);
			runOnlyForDeploymentPostprocessing = 0;
		};
		75D1BF0B19A9ED5300FDA569 /* Resources */ = {
			isa = PBXResourcesBuildPhase;
			buildActionMask = 2147483647;
			files = (
				75D1BF1919A9ED5300FDA569 /* InfoPlist.strings in Resources */,
			);
			runOnlyForDeploymentPostprocessing = 0;
		};
/* End PBXResourcesBuildPhase section */

/* Begin PBXSourcesBuildPhase section */
		75D1BEEE19A9ED5300FDA569 /* Sources */ = {
			isa = PBXSourcesBuildPhase;
			buildActionMask = 2147483647;
			files = (
				75D1BFAE19AA0C7C00FDA569 /* IMGMemeGen.m in Sources */,
				75D1BFB319AA266E00FDA569 /* GPImgurUploader.m in Sources */,
				753584C819AA9108002EF04B /* GPLine.m in Sources */,
				75D1BF4019A9EEC600FDA569 /* AFURLRequestSerialization.m in Sources */,
				75D1BF9819AA0C7C00FDA569 /* IMGAlbum.m in Sources */,
				75D1BF3F19A9EEC600FDA569 /* AFURLConnectionOperation.m in Sources */,
				75D1BF3E19A9EEC600FDA569 /* AFSecurityPolicy.m in Sources */,
				75BBDD6719ABD73F0013AC4A /* GPAssetsManager.m in Sources */,
				75D1BF9519AA0C7C00FDA569 /* IMGSession.m in Sources */,
				75D1BF3A19A9EEC600FDA569 /* AFHTTPRequestOperation.m in Sources */,
				75D1BF9919AA0C7C00FDA569 /* IMGBasicAlbum.m in Sources */,
				75D1BFA419AA0C7C00FDA569 /* IMGVote.m in Sources */,
				75D1BFAF19AA0C7C00FDA569 /* IMGNotificationRequest.m in Sources */,
				75D1BF4219A9EEC600FDA569 /* AFURLSessionManager.m in Sources */,
				75D1BFB719AA346E00FDA569 /* OpenInChromeController.m in Sources */,
				75D1BFA119AA0C7C00FDA569 /* IMGMessage.m in Sources */,
				753584BF19AA6EE4002EF04B /* GPLogs.m in Sources */,
				75D1BFA719AA0C7C00FDA569 /* IMGAccountRequest.m in Sources */,
				75D1BF4119A9EEC600FDA569 /* AFURLResponseSerialization.m in Sources */,
				75D1BF9B19AA0C7C00FDA569 /* IMGConversation.m in Sources */,
				75D1BFA619AA0C7C00FDA569 /* NSError+IMGError.m in Sources */,
				75D1BF0619A9ED5300FDA569 /* GPAppDelegate.m in Sources */,
				75D1BF9E19AA0C7C00FDA569 /* IMGGalleryProfile.m in Sources */,
				753584C519AA774B002EF04B /* GPCommon.m in Sources */,
				75D1BFA319AA0C7C00FDA569 /* IMGNotification.m in Sources */,
				75D1BFAC19AA0C7C00FDA569 /* IMGGalleryRequest.m in Sources */,
				75BBDC7019AAA5EE0013AC4A /* GPPhoto.m in Sources */,
				75D1BF4B19A9F64500FDA569 /* GPConstants.m in Sources */,
				75D1BF9619AA0C7C00FDA569 /* IMGAccount.m in Sources */,
				75D1BFAD19AA0C7C00FDA569 /* IMGImageRequest.m in Sources */,
				75D1BFAB19AA0C7C00FDA569 /* IMGEndpoint.m in Sources */,
				75D1BFAA19AA0C7C00FDA569 /* IMGConversationRequest.m in Sources */,
				753584C219AA7432002EF04B /* GPToolbar.m in Sources */,
				753584BB19AA6E4C002EF04B /* GPRootViewController.m in Sources */,
				75D1BF9C19AA0C7C00FDA569 /* IMGGalleryAlbum.m in Sources */,
				75D1BFA919AA0C7C00FDA569 /* IMGCommentRequest.m in Sources */,
				75D1BF9A19AA0C7C00FDA569 /* IMGComment.m in Sources */,
				75D1BF9419AA0C7C00FDA569 /* IMGResponseSerializer.m in Sources */,
				75D1BF4519A9EFA800FDA569 /* GPViewController.m in Sources */,
				75BBDC6C19AAA4650013AC4A /* GPPhotosTableViewController.m in Sources */,
				75D1BFA519AA0C7C00FDA569 /* NSDictionary+IMG.m in Sources */,
				75D1BF9D19AA0C7C00FDA569 /* IMGGalleryImage.m in Sources */,
				75D1BF3C19A9EEC600FDA569 /* AFHTTPSessionManager.m in Sources */,
				75D1BFA819AA0C7C00FDA569 /* IMGAlbumRequest.m in Sources */,
				75D1BF3B19A9EEC600FDA569 /* AFHTTPRequestOperationManager.m in Sources */,
				75D1BF3D19A9EEC600FDA569 /* AFNetworkReachabilityManager.m in Sources */,
				75D1BF9F19AA0C7C00FDA569 /* IMGImage.m in Sources */,
				75D1BFA219AA0C7C00FDA569 /* IMGModel.m in Sources */,
				75D1BF9719AA0C7C00FDA569 /* IMGAccountSettings.m in Sources */,
				75D1BF0219A9ED5300FDA569 /* main.m in Sources */,
				75D1BFA019AA0C7C00FDA569 /* IMGMeme.m in Sources */,
			);
			runOnlyForDeploymentPostprocessing = 0;
		};
		75D1BF0919A9ED5300FDA569 /* Sources */ = {
			isa = PBXSourcesBuildPhase;
			buildActionMask = 2147483647;
			files = (
				75D1BF1B19A9ED5300FDA569 /* GoopicTests.m in Sources */,
			);
			runOnlyForDeploymentPostprocessing = 0;
		};
/* End PBXSourcesBuildPhase section */

/* Begin PBXTargetDependency section */
		75D1BF1319A9ED5300FDA569 /* PBXTargetDependency */ = {
			isa = PBXTargetDependency;
			target = 75D1BEF119A9ED5300FDA569 /* Goopic */;
			targetProxy = 75D1BF1219A9ED5300FDA569 /* PBXContainerItemProxy */;
		};
/* End PBXTargetDependency section */

/* Begin PBXVariantGroup section */
		75D1BEFE19A9ED5300FDA569 /* InfoPlist.strings */ = {
			isa = PBXVariantGroup;
			children = (
				75D1BEFF19A9ED5300FDA569 /* en */,
			);
			name = InfoPlist.strings;
			sourceTree = "<group>";
		};
		75D1BF1719A9ED5300FDA569 /* InfoPlist.strings */ = {
			isa = PBXVariantGroup;
			children = (
				75D1BF1819A9ED5300FDA569 /* en */,
			);
			name = InfoPlist.strings;
			sourceTree = "<group>";
		};
/* End PBXVariantGroup section */

/* Begin XCBuildConfiguration section */
		75D1BF1C19A9ED5300FDA569 /* Debug */ = {
			isa = XCBuildConfiguration;
			buildSettings = {
				ALWAYS_SEARCH_USER_PATHS = NO;
				CLANG_CXX_LANGUAGE_STANDARD = "gnu++0x";
				CLANG_CXX_LIBRARY = "libc++";
				CLANG_ENABLE_MODULES = YES;
				CLANG_ENABLE_OBJC_ARC = YES;
				CLANG_WARN_BOOL_CONVERSION = YES;
				CLANG_WARN_CONSTANT_CONVERSION = YES;
				CLANG_WARN_DIRECT_OBJC_ISA_USAGE = YES_ERROR;
				CLANG_WARN_EMPTY_BODY = YES;
				CLANG_WARN_ENUM_CONVERSION = YES;
				CLANG_WARN_INT_CONVERSION = YES;
				CLANG_WARN_OBJC_ROOT_CLASS = YES_ERROR;
				CLANG_WARN__DUPLICATE_METHOD_MATCH = YES;
				"CODE_SIGN_IDENTITY[sdk=iphoneos*]" = "iPhone Developer";
				COPY_PHASE_STRIP = NO;
				GCC_C_LANGUAGE_STANDARD = gnu99;
				GCC_DYNAMIC_NO_PIC = NO;
				GCC_OPTIMIZATION_LEVEL = 0;
				GCC_PREPROCESSOR_DEFINITIONS = (
					"DEBUG=1",
					"$(inherited)",
				);
				GCC_SYMBOLS_PRIVATE_EXTERN = NO;
				GCC_WARN_64_TO_32_BIT_CONVERSION = YES;
				GCC_WARN_ABOUT_RETURN_TYPE = YES_ERROR;
				GCC_WARN_UNDECLARED_SELECTOR = YES;
				GCC_WARN_UNINITIALIZED_AUTOS = YES_AGGRESSIVE;
				GCC_WARN_UNUSED_FUNCTION = YES;
				GCC_WARN_UNUSED_VARIABLE = YES;
				IPHONEOS_DEPLOYMENT_TARGET = 7.1;
				ONLY_ACTIVE_ARCH = YES;
				SDKROOT = iphoneos;
			};
			name = Debug;
		};
		75D1BF1D19A9ED5300FDA569 /* Release */ = {
			isa = XCBuildConfiguration;
			buildSettings = {
				ALWAYS_SEARCH_USER_PATHS = NO;
				CLANG_CXX_LANGUAGE_STANDARD = "gnu++0x";
				CLANG_CXX_LIBRARY = "libc++";
				CLANG_ENABLE_MODULES = YES;
				CLANG_ENABLE_OBJC_ARC = YES;
				CLANG_WARN_BOOL_CONVERSION = YES;
				CLANG_WARN_CONSTANT_CONVERSION = YES;
				CLANG_WARN_DIRECT_OBJC_ISA_USAGE = YES_ERROR;
				CLANG_WARN_EMPTY_BODY = YES;
				CLANG_WARN_ENUM_CONVERSION = YES;
				CLANG_WARN_INT_CONVERSION = YES;
				CLANG_WARN_OBJC_ROOT_CLASS = YES_ERROR;
				CLANG_WARN__DUPLICATE_METHOD_MATCH = YES;
				"CODE_SIGN_IDENTITY[sdk=iphoneos*]" = "iPhone Developer";
				COPY_PHASE_STRIP = YES;
				ENABLE_NS_ASSERTIONS = NO;
				GCC_C_LANGUAGE_STANDARD = gnu99;
				GCC_WARN_64_TO_32_BIT_CONVERSION = YES;
				GCC_WARN_ABOUT_RETURN_TYPE = YES_ERROR;
				GCC_WARN_UNDECLARED_SELECTOR = YES;
				GCC_WARN_UNINITIALIZED_AUTOS = YES_AGGRESSIVE;
				GCC_WARN_UNUSED_FUNCTION = YES;
				GCC_WARN_UNUSED_VARIABLE = YES;
				IPHONEOS_DEPLOYMENT_TARGET = 7.1;
				SDKROOT = iphoneos;
				VALIDATE_PRODUCT = YES;
			};
			name = Release;
		};
		75D1BF1F19A9ED5300FDA569 /* Debug */ = {
			isa = XCBuildConfiguration;
			buildSettings = {
				GCC_PRECOMPILE_PREFIX_HEADER = YES;
				GCC_PREFIX_HEADER = "Goopic/Goopic-Prefix.pch";
				INFOPLIST_FILE = "Goopic/Goopic-Info.plist";
				PRODUCT_NAME = "$(TARGET_NAME)";
				USER_HEADER_SEARCH_PATHS = "${SRCROOT}/AFNetworking/";
				WRAPPER_EXTENSION = app;
			};
			name = Debug;
		};
		75D1BF2019A9ED5300FDA569 /* Release */ = {
			isa = XCBuildConfiguration;
			buildSettings = {
				GCC_PRECOMPILE_PREFIX_HEADER = YES;
				GCC_PREFIX_HEADER = "Goopic/Goopic-Prefix.pch";
				INFOPLIST_FILE = "Goopic/Goopic-Info.plist";
				PRODUCT_NAME = "$(TARGET_NAME)";
				USER_HEADER_SEARCH_PATHS = "${SRCROOT}/AFNetworking/";
				WRAPPER_EXTENSION = app;
			};
			name = Release;
		};
		75D1BF2219A9ED5300FDA569 /* Debug */ = {
			isa = XCBuildConfiguration;
			buildSettings = {
				BUNDLE_LOADER = "$(BUILT_PRODUCTS_DIR)/Goopic.app/Goopic";
				FRAMEWORK_SEARCH_PATHS = (
					"$(SDKROOT)/Developer/Library/Frameworks",
					"$(inherited)",
					"$(DEVELOPER_FRAMEWORKS_DIR)",
				);
				GCC_PRECOMPILE_PREFIX_HEADER = YES;
				GCC_PREFIX_HEADER = "Goopic/Goopic-Prefix.pch";
				GCC_PREPROCESSOR_DEFINITIONS = (
					"DEBUG=1",
					"$(inherited)",
				);
				INFOPLIST_FILE = "GoopicTests/GoopicTests-Info.plist";
				PRODUCT_NAME = "$(TARGET_NAME)";
				TEST_HOST = "$(BUNDLE_LOADER)";
				WRAPPER_EXTENSION = xctest;
			};
			name = Debug;
		};
		75D1BF2319A9ED5300FDA569 /* Release */ = {
			isa = XCBuildConfiguration;
			buildSettings = {
				BUNDLE_LOADER = "$(BUILT_PRODUCTS_DIR)/Goopic.app/Goopic";
				FRAMEWORK_SEARCH_PATHS = (
					"$(SDKROOT)/Developer/Library/Frameworks",
					"$(inherited)",
					"$(DEVELOPER_FRAMEWORKS_DIR)",
				);
				GCC_PRECOMPILE_PREFIX_HEADER = YES;
				GCC_PREFIX_HEADER = "Goopic/Goopic-Prefix.pch";
				INFOPLIST_FILE = "GoopicTests/GoopicTests-Info.plist";
				PRODUCT_NAME = "$(TARGET_NAME)";
				TEST_HOST = "$(BUNDLE_LOADER)";
				WRAPPER_EXTENSION = xctest;
			};
			name = Release;
		};
/* End XCBuildConfiguration section */

/* Begin XCConfigurationList section */
		75D1BEED19A9ED5300FDA569 /* Build configuration list for PBXProject "Goopic" */ = {
			isa = XCConfigurationList;
			buildConfigurations = (
				75D1BF1C19A9ED5300FDA569 /* Debug */,
				75D1BF1D19A9ED5300FDA569 /* Release */,
			);
			defaultConfigurationIsVisible = 0;
			defaultConfigurationName = Release;
		};
		75D1BF1E19A9ED5300FDA569 /* Build configuration list for PBXNativeTarget "Goopic" */ = {
			isa = XCConfigurationList;
			buildConfigurations = (
				75D1BF1F19A9ED5300FDA569 /* Debug */,
				75D1BF2019A9ED5300FDA569 /* Release */,
			);
			defaultConfigurationIsVisible = 0;
			defaultConfigurationName = Release;
		};
		75D1BF2119A9ED5300FDA569 /* Build configuration list for PBXNativeTarget "GoopicTests" */ = {
			isa = XCConfigurationList;
			buildConfigurations = (
				75D1BF2219A9ED5300FDA569 /* Debug */,
				75D1BF2319A9ED5300FDA569 /* Release */,
			);
			defaultConfigurationIsVisible = 0;
			defaultConfigurationName = Release;
		};
/* End XCConfigurationList section */
	};
	rootObject = 75D1BEEA19A9ED5300FDA569 /* Project object */;
}
